# This is a Gradle generated file for dependency locking.
# Manual edits can break the build and are not advised.
# This file is expected to be part of source control.
com.google.api.grpc:proto-google-common-protos:1.17.0
com.google.code.findbugs:jsr305:3.0.2
com.google.code.gson:gson:2.8.6
com.google.errorprone:error_prone_annotations:2.3.4
com.google.guava:failureaccess:1.0.1
com.google.guava:guava:30.0-android
com.google.guava:listenablefuture:9999.0-empty-to-avoid-conflict-with-guava
com.google.j2objc:j2objc-annotations:1.3
com.google.protobuf:protobuf-java-util:3.15.5
com.google.protobuf:protobuf-java:3.15.5
io.grpc:grpc-api:1.29.0
io.grpc:grpc-context:1.29.0
io.grpc:grpc-kotlin-stub:1.0.0
io.grpc:grpc-protobuf-lite:1.29.0
io.grpc:grpc-protobuf:1.29.0
io.grpc:grpc-stub:1.29.0
javax.annotation:javax.annotation-api:1.3.2
org.checkerframework:checker-compat-qual:2.5.5
org.codehaus.mojo:animal-sniffer-annotations:1.18
org.jetbrains.kotlin:kotlin-stdlib-common:1.4.31
org.jetbrains.kotlin:kotlin-stdlib:1.4.31
org.jetbrains.kotlinx:kotlinx-coroutines-core-jvm:1.4.3
org.jetbrains.kotlinx:kotlinx-coroutines-core:1.4.3
org.jetbrains:annotations:13.0
